
Microsoft Visual Studio Solution File, Format Version 12.00
# Visual Studio Version 17
VisualStudioVersion = 17.6.33829.357
MinimumVisualStudioVersion = 10.0.40219.1
Project("{FAE04EC0-301F-11D3-BF4B-00C04F79EFBC}") = "ComToolWPF", "ComToolWPF.csproj", "{6CD20753-44F9-4D3C-BBB1-31141DC65548}"
EndProject
Global
	GlobalSection(SolutionConfigurationPlatforms) = preSolution
		Debug|Any CPU = Debug|Any CPU
		Release|Any CPU = Release|Any CPU
	EndGlobalSection
	GlobalSection(ProjectConfigurationPlatforms) = postSolution
		{6CD20753-44F9-4D3C-BBB1-31141DC65548}.Debug|Any CPU.ActiveCfg = Debug|Any CPU
		{6CD20753-44F9-4D3C-BBB1-31141DC65548}.Debug|Any CPU.Build.0 = Debug|Any CPU
		{6CD20753-44F9-4D3C-BBB1-31141DC65548}.Release|Any CPU.ActiveCfg = Release|Any CPU
		{6CD20753-44F9-4D3C-BBB1-31141DC65548}.Release|Any CPU.Build.0 = Release|Any CPU
	EndGlobalSection
	GlobalSection(SolutionProperties) = preSolution
		HideSolutionNode = FALSE
	EndGlobalSection
	GlobalSection(ExtensibilityGlobals) = postSolution
		SolutionGuid = {D9184063-D56D-4E17-8F52-AB2233142743}
	EndGlobalSection
EndGlobal
